lockfileVersion: '6.0'

settings:
  autoInstallPeers: true
  excludeLinksFromLockfile: false

dependencies:
  element-plus:
    specifier: ^2.3.8
    version: registry.npmmirror.com/element-plus@2.3.8(vue@3.3.4)
  pinia:
    specifier: ^2.1.4
    version: registry.npmmirror.com/pinia@2.1.4(vue@3.3.4)
  vue:
    specifier: ^3.3.4
    version: registry.npmmirror.com/vue@3.3.4
  vue-router:
    specifier: ^4.2.4
    version: registry.npmmirror.com/vue-router@4.2.4(vue@3.3.4)

devDependencies:
  '@vitejs/plugin-vue':
    specifier: ^4.2.3
    version: registry.npmmirror.com/@vitejs/plugin-vue@4.2.3(vite@4.4.4)(vue@3.3.4)
  sass:
    specifier: ^1.63.6
    version: registry.npmmirror.com/sass@1.63.6
  vite:
    specifier: ^4.4.4
    version: registry.npmmirror.com/vite@4.4.4(sass@1.63.6)

packages:

  registry.npmmirror.com/@babel/helper-string-parser@7.22.5:
    resolution: {integrity: sha512-mM4COjgZox8U+JcXQwPijIZLElkgEpO5rsERVDJTc2qfCDfERyob6k5WegS14SX18IIjv+XD+GrqNumY5JRCDw==, registry: https://registry.npm.taobao.org/, tarball: https://registry.npmmirror.com/@babel/helper-string-parser/-/helper-string-parser-7.22.5.tgz}
    name: '@babel/helper-string-parser'
    version: 7.22.5
    engines: {node: '>=6.9.0'}

  registry.npmmirror.com/@babel/helper-validator-identifier@7.22.5:
    resolution: {integrity: sha512-aJXu+6lErq8ltp+JhkJUfk1MTGyuA4v7f3pA+BJ5HLfNC6nAQ0Cpi9uOquUj8Hehg0aUiHzWQbOVJGao6ztBAQ==, registry: https://registry.npm.taobao.org/, tarball: https://registry.npmmirror.com/@babel/helper-validator-identifier/-/helper-validator-identifier-7.22.5.tgz}
    name: '@babel/helper-validator-identifier'
    version: 7.22.5
    engines: {node: '>=6.9.0'}

  registry.npmmirror.com/@babel/parser@7.22.7:
    resolution: {integrity: sha512-7NF8pOkHP5o2vpmGgNGcfAeCvOYhGLyA3Z4eBQkT1RJlWu47n63bCs93QfJ2hIAFCil7L5P2IWhs1oToVgrL0Q==, registry: https://registry.npm.taobao.org/, tarball: https://registry.npmmirror.com/@babel/parser/-/parser-7.22.7.tgz}
    name: '@babel/parser'
    version: 7.22.7
    engines: {node: '>=6.0.0'}
    hasBin: true
    dependencies:
      '@babel/types': registry.npmmirror.com/@babel/types@7.22.5

  registry.npmmirror.com/@babel/types@7.22.5:
    resolution: {integrity: sha512-zo3MIHGOkPOfoRXitsgHLjEXmlDaD/5KU1Uzuc9GNiZPhSqVxVRtxuPaSBZDsYZ9qV88AjtMtWW7ww98loJ9KA==, registry: https://registry.npm.taobao.org/, tarball: https://registry.npmmirror.com/@babel/types/-/types-7.22.5.tgz}
    name: '@babel/types'
    version: 7.22.5
    engines: {node: '>=6.9.0'}
    dependencies:
      '@babel/helper-string-parser': registry.npmmirror.com/@babel/helper-string-parser@7.22.5
      '@babel/helper-validator-identifier': registry.npmmirror.com/@babel/helper-validator-identifier@7.22.5
      to-fast-properties: registry.npmmirror.com/to-fast-properties@2.0.0

  registry.npmmirror.com/@ctrl/tinycolor@3.6.0:
    resolution: {integrity: sha512-/Z3l6pXthq0JvMYdUFyX9j0MaCltlIn6mfh9jLyQwg5aPKxkyNa0PTHtU1AlFXLNk55ZuAeJRcpvq+tmLfKmaQ==, registry: https://registry.npm.taobao.org/, tarball: https://registry.npmmirror.com/@ctrl/tinycolor/-/tinycolor-3.6.0.tgz}
    name: '@ctrl/tinycolor'
    version: 3.6.0
    engines: {node: '>=10'}
    dev: false

  registry.npmmirror.com/@element-plus/icons-vue@2.1.0(vue@3.3.4):
    resolution: {integrity: sha512-PSBn3elNoanENc1vnCfh+3WA9fimRC7n+fWkf3rE5jvv+aBohNHABC/KAR5KWPecxWxDTVT1ERpRbOMRcOV/vA==, registry: https://registry.npm.taobao.org/, tarball: https://registry.npmmirror.com/@element-plus/icons-vue/-/icons-vue-2.1.0.tgz}
    id: registry.npmmirror.com/@element-plus/icons-vue/2.1.0
    name: '@element-plus/icons-vue'
    version: 2.1.0
    peerDependencies:
      vue: ^3.2.0
    dependencies:
      vue: registry.npmmirror.com/vue@3.3.4
    dev: false

  registry.npmmirror.com/@esbuild/android-arm64@0.18.13:
    resolution: {integrity: sha512-j7NhycJUoUAG5kAzGf4fPWfd17N6SM3o1X6MlXVqfHvs2buFraCJzos9vbeWjLxOyBKHyPOnuCuipbhvbYtTAg==, registry: https://registry.npm.taobao.org/, tarball: https://registry.npmmirror.com/@esbuild/android-arm64/-/android-arm64-0.18.13.tgz}
    name: '@esbuild/android-arm64'
    version: 0.18.13
    engines: {node: '>=12'}
    cpu: [arm64]
    os: [android]
    requiresBuild: true
    dev: true
    optional: true

  registry.npmmirror.com/@esbuild/android-arm@0.18.13:
    resolution: {integrity: sha512-KwqFhxRFMKZINHzCqf8eKxE0XqWlAVPRxwy6rc7CbVFxzUWB2sA/s3hbMZeemPdhN3fKBkqOaFhTbS8xJXYIWQ==, registry: https://registry.npm.taobao.org/, tarball: https://registry.npmmirror.com/@esbuild/android-arm/-/android-arm-0.18.13.tgz}
    name: '@esbuild/android-arm'
    version: 0.18.13
    engines: {node: '>=12'}
    cpu: [arm]
    os: [android]
    requiresBuild: true
    dev: true
    optional: true

  registry.npmmirror.com/@esbuild/android-x64@0.18.13:
    resolution: {integrity: sha512-M2eZkRxR6WnWfVELHmv6MUoHbOqnzoTVSIxgtsyhm/NsgmL+uTmag/VVzdXvmahak1I6sOb1K/2movco5ikDJg==, registry: https://registry.npm.taobao.org/, tarball: https://registry.npmmirror.com/@esbuild/android-x64/-/android-x64-0.18.13.tgz}
    name: '@esbuild/android-x64'
    version: 0.18.13
    engines: {node: '>=12'}
    cpu: [x64]
    os: [android]
    requiresBuild: true
    dev: true
    optional: true

  registry.npmmirror.com/@esbuild/darwin-arm64@0.18.13:
    resolution: {integrity: sha512-f5goG30YgR1GU+fxtaBRdSW3SBG9pZW834Mmhxa6terzcboz7P2R0k4lDxlkP7NYRIIdBbWp+VgwQbmMH4yV7w==, registry: https://registry.npm.taobao.org/, tarball: https://registry.npmmirror.com/@esbuild/darwin-arm64/-/darwin-arm64-0.18.13.tgz}
    name: '@esbuild/darwin-arm64'
    version: 0.18.13
    engines: {node: '>=12'}
    cpu: [arm64]
    os: [darwin]
    requiresBuild: true
    dev: true
    optional: true

  registry.npmmirror.com/@esbuild/darwin-x64@0.18.13:
    resolution: {integrity: sha512-RIrxoKH5Eo+yE5BtaAIMZaiKutPhZjw+j0OCh8WdvKEKJQteacq0myZvBDLU+hOzQOZWJeDnuQ2xgSScKf1Ovw==, registry: https://registry.npm.taobao.org/, tarball: https://registry.npmmirror.com/@esbuild/darwin-x64/-/darwin-x64-0.18.13.tgz}
    name: '@esbuild/darwin-x64'
    version: 0.18.13
    engines: {node: '>=12'}
    cpu: [x64]
    os: [darwin]
    requiresBuild: true
    dev: true
    optional: true

  registry.npmmirror.com/@esbuild/freebsd-arm64@0.18.13:
    resolution: {integrity: sha512-AfRPhHWmj9jGyLgW/2FkYERKmYR+IjYxf2rtSLmhOrPGFh0KCETFzSjx/JX/HJnvIqHt/DRQD/KAaVsUKoI3Xg==, registry: https://registry.npm.taobao.org/, tarball: https://registry.npmmirror.com/@esbuild/freebsd-arm64/-/freebsd-arm64-0.18.13.tgz}
    name: '@esbuild/freebsd-arm64'
    version: 0.18.13
    engines: {node: '>=12'}
    cpu: [arm64]
    os: [freebsd]
    requiresBuild: true
    dev: true
    optional: true

  registry.npmmirror.com/@esbuild/freebsd-x64@0.18.13:
    resolution: {integrity: sha512-pGzWWZJBInhIgdEwzn8VHUBang8UvFKsvjDkeJ2oyY5gZtAM6BaxK0QLCuZY+qoj/nx/lIaItH425rm/hloETA==, registry: https://registry.npm.taobao.org/, tarball: https://registry.npmmirror.com/@esbuild/freebsd-x64/-/freebsd-x64-0.18.13.tgz}
    name: '@esbuild/freebsd-x64'
    version: 0.18.13
    engines: {node: '>=12'}
    cpu: [x64]
    os: [freebsd]
    requiresBuild: true
    dev: true
    optional: true

  registry.npmmirror.com/@esbuild/linux-arm64@0.18.13:
    resolution: {integrity: sha512-hCzZbVJEHV7QM77fHPv2qgBcWxgglGFGCxk6KfQx6PsVIdi1u09X7IvgE9QKqm38OpkzaAkPnnPqwRsltvLkIQ==, registry: https://registry.npm.taobao.org/, tarball: https://registry.npmmirror.com/@esbuild/linux-arm64/-/linux-arm64-0.18.13.tgz}
    name: '@esbuild/linux-arm64'
    version: 0.18.13
    engines: {node: '>=12'}
    cpu: [arm64]
    os: [linux]
    requiresBuild: true
    dev: true
    optional: true

  registry.npmmirror.com/@esbuild/linux-arm@0.18.13:
    resolution: {integrity: sha512-4iMxLRMCxGyk7lEvkkvrxw4aJeC93YIIrfbBlUJ062kilUUnAiMb81eEkVvCVoh3ON283ans7+OQkuy1uHW+Hw==, registry: https://registry.npm.taobao.org/, tarball: https://registry.npmmirror.com/@esbuild/linux-arm/-/linux-arm-0.18.13.tgz}
    name: '@esbuild/linux-arm'
    version: 0.18.13
    engines: {node: '>=12'}
    cpu: [arm]
    os: [linux]
    requiresBuild: true
    dev: true
    optional: true

  registry.npmmirror.com/@esbuild/linux-ia32@0.18.13:
    resolution: {integrity: sha512-I3OKGbynl3AAIO6onXNrup/ttToE6Rv2XYfFgLK/wnr2J+1g+7k4asLrE+n7VMhaqX+BUnyWkCu27rl+62Adug==, registry: https://registry.npm.taobao.org/, tarball: https://registry.npmmirror.com/@esbuild/linux-ia32/-/linux-ia32-0.18.13.tgz}
    name: '@esbuild/linux-ia32'
    version: 0.18.13
    engines: {node: '>=12'}
    cpu: [ia32]
    os: [linux]
    requiresBuild: true
    dev: true
    optional: true

  registry.npmmirror.com/@esbuild/linux-loong64@0.18.13:
    resolution: {integrity: sha512-8pcKDApAsKc6WW51ZEVidSGwGbebYw2qKnO1VyD8xd6JN0RN6EUXfhXmDk9Vc4/U3Y4AoFTexQewQDJGsBXBpg==, registry: https://registry.npm.taobao.org/, tarball: https://registry.npmmirror.com/@esbuild/linux-loong64/-/linux-loong64-0.18.13.tgz}
    name: '@esbuild/linux-loong64'
    version: 0.18.13
    engines: {node: '>=12'}
    cpu: [loong64]
    os: [linux]
    requiresBuild: true
    dev: true
    optional: true

  registry.npmmirror.com/@esbuild/linux-mips64el@0.18.13:
    resolution: {integrity: sha512-6GU+J1PLiVqWx8yoCK4Z0GnfKyCGIH5L2KQipxOtbNPBs+qNDcMJr9euxnyJ6FkRPyMwaSkjejzPSISD9hb+gg==, registry: https://registry.npm.taobao.org/, tarball: https://registry.npmmirror.com/@esbuild/linux-mips64el/-/linux-mips64el-0.18.13.tgz}
    name: '@esbuild/linux-mips64el'
    version: 0.18.13
    engines: {node: '>=12'}
    cpu: [mips64el]
    os: [linux]
    requiresBuild: true
    dev: true
    optional: true

  registry.npmmirror.com/@esbuild/linux-ppc64@0.18.13:
    resolution: {integrity: sha512-pfn/OGZ8tyR8YCV7MlLl5hAit2cmS+j/ZZg9DdH0uxdCoJpV7+5DbuXrR+es4ayRVKIcfS9TTMCs60vqQDmh+w==, registry: https://registry.npm.taobao.org/, tarball: https://registry.npmmirror.com/@esbuild/linux-ppc64/-/linux-ppc64-0.18.13.tgz}
    name: '@esbuild/linux-ppc64'
    version: 0.18.13
    engines: {node: '>=12'}
    cpu: [ppc64]
    os: [linux]
    requiresBuild: true
    dev: true
    optional: true

  registry.npmmirror.com/@esbuild/linux-riscv64@0.18.13:
    resolution: {integrity: sha512-aIbhU3LPg0lOSCfVeGHbmGYIqOtW6+yzO+Nfv57YblEK01oj0mFMtvDJlOaeAZ6z0FZ9D13oahi5aIl9JFphGg==, registry: https://registry.npm.taobao.org/, tarball: https://registry.npmmirror.com/@esbuild/linux-riscv64/-/linux-riscv64-0.18.13.tgz}
    name: '@esbuild/linux-riscv64'
    version: 0.18.13
    engines: {node: '>=12'}
    cpu: [riscv64]
    os: [linux]
    requiresBuild: true
    dev: true
    optional: true

  registry.npmmirror.com/@esbuild/linux-s390x@0.18.13:
    resolution: {integrity: sha512-Pct1QwF2sp+5LVi4Iu5Y+6JsGaV2Z2vm4O9Dd7XZ5tKYxEHjFtb140fiMcl5HM1iuv6xXO8O1Vrb1iJxHlv8UA==, registry: https://registry.npm.taobao.org/, tarball: https://registry.npmmirror.com/@esbuild/linux-s390x/-/linux-s390x-0.18.13.tgz}
    name: '@esbuild/linux-s390x'
    version: 0.18.13
    engines: {node: '>=12'}
    cpu: [s390x]
    os: [linux]
    requiresBuild: true
    dev: true
    optional: true

  registry.npmmirror.com/@esbuild/linux-x64@0.18.13:
    resolution: {integrity: sha512-zTrIP0KzYP7O0+3ZnmzvUKgGtUvf4+piY8PIO3V8/GfmVd3ZyHJGz7Ht0np3P1wz+I8qJ4rjwJKqqEAbIEPngA==, registry: https://registry.npm.taobao.org/, tarball: https://registry.npmmirror.com/@esbuild/linux-x64/-/linux-x64-0.18.13.tgz}
    name: '@esbuild/linux-x64'
    version: 0.18.13
    engines: {node: '>=12'}
    cpu: [x64]
    os: [linux]
    requiresBuild: true
    dev: true
    optional: true

  registry.npmmirror.com/@esbuild/netbsd-x64@0.18.13:
    resolution: {integrity: sha512-I6zs10TZeaHDYoGxENuksxE1sxqZpCp+agYeW039yqFwh3MgVvdmXL5NMveImOC6AtpLvE4xG5ujVic4NWFIDQ==, registry: https://registry.npm.taobao.org/, tarball: https://registry.npmmirror.com/@esbuild/netbsd-x64/-/netbsd-x64-0.18.13.tgz}
    name: '@esbuild/netbsd-x64'
    version: 0.18.13
    engines: {node: '>=12'}
    cpu: [x64]
    os: [netbsd]
    requiresBuild: true
    dev: true
    optional: true

  registry.npmmirror.com/@esbuild/openbsd-x64@0.18.13:
    resolution: {integrity: sha512-W5C5nczhrt1y1xPG5bV+0M12p2vetOGlvs43LH8SopQ3z2AseIROu09VgRqydx5qFN7y9qCbpgHLx0kb0TcW7g==, registry: https://registry.npm.taobao.org/, tarball: https://registry.npmmirror.com/@esbuild/openbsd-x64/-/openbsd-x64-0.18.13.tgz}
    name: '@esbuild/openbsd-x64'
    version: 0.18.13
    engines: {node: '>=12'}
    cpu: [x64]
    os: [openbsd]
    requiresBuild: true
    dev: true
    optional: true

  registry.npmmirror.com/@esbuild/sunos-x64@0.18.13:
    resolution: {integrity: sha512-X/xzuw4Hzpo/yq3YsfBbIsipNgmsm8mE/QeWbdGdTTeZ77fjxI2K0KP3AlhZ6gU3zKTw1bKoZTuKLnqcJ537qw==, registry: https://registry.npm.taobao.org/, tarball: https://registry.npmmirror.com/@esbuild/sunos-x64/-/sunos-x64-0.18.13.tgz}
    name: '@esbuild/sunos-x64'
    version: 0.18.13
    engines: {node: '>=12'}
    cpu: [x64]
    os: [sunos]
    requiresBuild: true
    dev: true
    optional: true

  registry.npmmirror.com/@esbuild/win32-arm64@0.18.13:
    resolution: {integrity: sha512-4CGYdRQT/ILd+yLLE5i4VApMPfGE0RPc/wFQhlluDQCK09+b4JDbxzzjpgQqTPrdnP7r5KUtGVGZYclYiPuHrw==, registry: https://registry.npm.taobao.org/, tarball: https://registry.npmmirror.com/@esbuild/win32-arm64/-/win32-arm64-0.18.13.tgz}
    name: '@esbuild/win32-arm64'
    version: 0.18.13
    engines: {node: '>=12'}
    cpu: [arm64]
    os: [win32]
    requiresBuild: true
    dev: true
    optional: true

  registry.npmmirror.com/@esbuild/win32-ia32@0.18.13:
    resolution: {integrity: sha512-D+wKZaRhQI+MUGMH+DbEr4owC2D7XnF+uyGiZk38QbgzLcofFqIOwFs7ELmIeU45CQgfHNy9Q+LKW3cE8g37Kg==, registry: https://registry.npm.taobao.org/, tarball: https://registry.npmmirror.com/@esbuild/win32-ia32/-/win32-ia32-0.18.13.tgz}
    name: '@esbuild/win32-ia32'
    version: 0.18.13
    engines: {node: '>=12'}
    cpu: [ia32]
    os: [win32]
    requiresBuild: true
    dev: true
    optional: true

  registry.npmmirror.com/@esbuild/win32-x64@0.18.13:
    resolution: {integrity: sha512-iVl6lehAfJS+VmpF3exKpNQ8b0eucf5VWfzR8S7xFve64NBNz2jPUgx1X93/kfnkfgP737O+i1k54SVQS7uVZA==, registry: https://registry.npm.taobao.org/, tarball: https://registry.npmmirror.com/@esbuild/win32-x64/-/win32-x64-0.18.13.tgz}
    name: '@esbuild/win32-x64'
    version: 0.18.13
    engines: {node: '>=12'}
    cpu: [x64]
    os: [win32]
    requiresBuild: true
    dev: true
    optional: true

  registry.npmmirror.com/@floating-ui/core@1.3.1:
    resolution: {integrity: sha512-Bu+AMaXNjrpjh41znzHqaz3r2Nr8hHuHZT6V2LBKMhyMl0FgKA62PNYbqnfgmzOhoWZj70Zecisbo4H1rotP5g==, registry: https://registry.npm.taobao.org/, tarball: https://registry.npmmirror.com/@floating-ui/core/-/core-1.3.1.tgz}
    name: '@floating-ui/core'
    version: 1.3.1
    dev: false

  registry.npmmirror.com/@floating-ui/dom@1.4.5:
    resolution: {integrity: sha512-96KnRWkRnuBSSFbj0sFGwwOUd8EkiecINVl0O9wiZlZ64EkpyAOG3Xc2vKKNJmru0Z7RqWNymA+6b8OZqjgyyw==, registry: https://registry.npm.taobao.org/, tarball: https://registry.npmmirror.com/@floating-ui/dom/-/dom-1.4.5.tgz}
    name: '@floating-ui/dom'
    version: 1.4.5
    dependencies:
      '@floating-ui/core': registry.npmmirror.com/@floating-ui/core@1.3.1
    dev: false

  registry.npmmirror.com/@jridgewell/sourcemap-codec@1.4.15:
    resolution: {integrity: sha512-eF2rxCRulEKXHTRiDrDy6erMYWqNw4LPdQ8UQA4huuxaQsVeRPFl2oM8oDGxMFhJUWZf9McpLtJasDDZb/Bpeg==, registry: https://registry.npm.taobao.org/, tarball: https://registry.npmmirror.com/@jridgewell/sourcemap-codec/-/sourcemap-codec-1.4.15.tgz}
    name: '@jridgewell/sourcemap-codec'
    version: 1.4.15

  registry.npmmirror.com/@sxzz/popperjs-es@2.11.7:
    resolution: {integrity: sha512-Ccy0NlLkzr0Ex2FKvh2X+OyERHXJ88XJ1MXtsI9y9fGexlaXaVTPzBCRBwIxFkORuOb+uBqeu+RqnpgYTEZRUQ==, registry: https://registry.npm.taobao.org/, tarball: https://registry.npmmirror.com/@sxzz/popperjs-es/-/popperjs-es-2.11.7.tgz}
    name: '@sxzz/popperjs-es'
    version: 2.11.7
    dev: false

  registry.npmmirror.com/@types/lodash-es@4.17.8:
    resolution: {integrity: sha512-euY3XQcZmIzSy7YH5+Unb3b2X12Wtk54YWINBvvGQ5SmMvwb11JQskGsfkH/5HXK77Kr8GF0wkVDIxzAisWtog==, registry: https://registry.npm.taobao.org/, tarball: https://registry.npmmirror.com/@types/lodash-es/-/lodash-es-4.17.8.tgz}
    name: '@types/lodash-es'
    version: 4.17.8
    dependencies:
      '@types/lodash': registry.npmmirror.com/@types/lodash@4.14.195
    dev: false

  registry.npmmirror.com/@types/lodash@4.14.195:
    resolution: {integrity: sha512-Hwx9EUgdwf2GLarOjQp5ZH8ZmblzcbTBC2wtQWNKARBSxM9ezRIAUpeDTgoQRAFB0+8CNWXVA9+MaSOzOF3nPg==, registry: https://registry.npm.taobao.org/, tarball: https://registry.npmmirror.com/@types/lodash/-/lodash-4.14.195.tgz}
    name: '@types/lodash'
    version: 4.14.195
    dev: false

  registry.npmmirror.com/@types/web-bluetooth@0.0.16:
    resolution: {integrity: sha512-oh8q2Zc32S6gd/j50GowEjKLoOVOwHP/bWVjKJInBwQqdOYMdPrf1oVlelTlyfFK3CKxL1uahMDAr+vy8T7yMQ==, registry: https://registry.npm.taobao.org/, tarball: https://registry.npmmirror.com/@types/web-bluetooth/-/web-bluetooth-0.0.16.tgz}
    name: '@types/web-bluetooth'
    version: 0.0.16
    dev: false

  registry.npmmirror.com/@vitejs/plugin-vue@4.2.3(vite@4.4.4)(vue@3.3.4):
    resolution: {integrity: sha512-R6JDUfiZbJA9cMiguQ7jxALsgiprjBeHL5ikpXfJCH62pPHtI+JdJ5xWj6Ev73yXSlYl86+blXn1kZHQ7uElxw==, registry: https://registry.npm.taobao.org/, tarball: https://registry.npmmirror.com/@vitejs/plugin-vue/-/plugin-vue-4.2.3.tgz}
    id: registry.npmmirror.com/@vitejs/plugin-vue/4.2.3
    name: '@vitejs/plugin-vue'
    version: 4.2.3
    engines: {node: ^14.18.0 || >=16.0.0}
    peerDependencies:
      vite: ^4.0.0
      vue: ^3.2.25
    dependencies:
      vite: registry.npmmirror.com/vite@4.4.4(sass@1.63.6)
      vue: registry.npmmirror.com/vue@3.3.4
    dev: true

  registry.npmmirror.com/@vue/compiler-core@3.3.4:
    resolution: {integrity: sha512-cquyDNvZ6jTbf/+x+AgM2Arrp6G4Dzbb0R64jiG804HRMfRiFXWI6kqUVqZ6ZR0bQhIoQjB4+2bhNtVwndW15g==, registry: https://registry.npm.taobao.org/, tarball: https://registry.npmmirror.com/@vue/compiler-core/-/compiler-core-3.3.4.tgz}
    name: '@vue/compiler-core'
    version: 3.3.4
    dependencies:
      '@babel/parser': registry.npmmirror.com/@babel/parser@7.22.7
      '@vue/shared': registry.npmmirror.com/@vue/shared@3.3.4
      estree-walker: registry.npmmirror.com/estree-walker@2.0.2
      source-map-js: registry.npmmirror.com/source-map-js@1.0.2

  registry.npmmirror.com/@vue/compiler-dom@3.3.4:
    resolution: {integrity: sha512-wyM+OjOVpuUukIq6p5+nwHYtj9cFroz9cwkfmP9O1nzH68BenTTv0u7/ndggT8cIQlnBeOo6sUT/gvHcIkLA5w==, registry: https://registry.npm.taobao.org/, tarball: https://registry.npmmirror.com/@vue/compiler-dom/-/compiler-dom-3.3.4.tgz}
    name: '@vue/compiler-dom'
    version: 3.3.4
    dependencies:
      '@vue/compiler-core': registry.npmmirror.com/@vue/compiler-core@3.3.4
      '@vue/shared': registry.npmmirror.com/@vue/shared@3.3.4

  registry.npmmirror.com/@vue/compiler-sfc@3.3.4:
    resolution: {integrity: sha512-6y/d8uw+5TkCuzBkgLS0v3lSM3hJDntFEiUORM11pQ/hKvkhSKZrXW6i69UyXlJQisJxuUEJKAWEqWbWsLeNKQ==, registry: https://registry.npm.taobao.org/, tarball: https://registry.npmmirror.com/@vue/compiler-sfc/-/compiler-sfc-3.3.4.tgz}
    name: '@vue/compiler-sfc'
    version: 3.3.4
    dependencies:
      '@babel/parser': registry.npmmirror.com/@babel/parser@7.22.7
      '@vue/compiler-core': registry.npmmirror.com/@vue/compiler-core@3.3.4
      '@vue/compiler-dom': registry.npmmirror.com/@vue/compiler-dom@3.3.4
      '@vue/compiler-ssr': registry.npmmirror.com/@vue/compiler-ssr@3.3.4
      '@vue/reactivity-transform': registry.npmmirror.com/@vue/reactivity-transform@3.3.4
      '@vue/shared': registry.npmmirror.com/@vue/shared@3.3.4
      estree-walker: registry.npmmirror.com/estree-walker@2.0.2
      magic-string: registry.npmmirror.com/magic-string@0.30.1
      postcss: registry.npmmirror.com/postcss@8.4.26
      source-map-js: registry.npmmirror.com/source-map-js@1.0.2

  registry.npmmirror.com/@vue/compiler-ssr@3.3.4:
    resolution: {integrity: sha512-m0v6oKpup2nMSehwA6Uuu+j+wEwcy7QmwMkVNVfrV9P2qE5KshC6RwOCq8fjGS/Eak/uNb8AaWekfiXxbBB6gQ==, registry: https://registry.npm.taobao.org/, tarball: https://registry.npmmirror.com/@vue/compiler-ssr/-/compiler-ssr-3.3.4.tgz}
    name: '@vue/compiler-ssr'
    version: 3.3.4
    dependencies:
      '@vue/compiler-dom': registry.npmmirror.com/@vue/compiler-dom@3.3.4
      '@vue/shared': registry.npmmirror.com/@vue/shared@3.3.4

  registry.npmmirror.com/@vue/devtools-api@6.5.0:
    resolution: {integrity: sha512-o9KfBeaBmCKl10usN4crU53fYtC1r7jJwdGKjPT24t348rHxgfpZ0xL3Xm/gLUYnc0oTp8LAmrxOeLyu6tbk2Q==, registry: https://registry.npm.taobao.org/, tarball: https://registry.npmmirror.com/@vue/devtools-api/-/devtools-api-6.5.0.tgz}
    name: '@vue/devtools-api'
    version: 6.5.0
    dev: false

  registry.npmmirror.com/@vue/reactivity-transform@3.3.4:
    resolution: {integrity: sha512-MXgwjako4nu5WFLAjpBnCj/ieqcjE2aJBINUNQzkZQfzIZA4xn+0fV1tIYBJvvva3N3OvKGofRLvQIwEQPpaXw==, registry: https://registry.npm.taobao.org/, tarball: https://registry.npmmirror.com/@vue/reactivity-transform/-/reactivity-transform-3.3.4.tgz}
    name: '@vue/reactivity-transform'
    version: 3.3.4
    dependencies:
      '@babel/parser': registry.npmmirror.com/@babel/parser@7.22.7
      '@vue/compiler-core': registry.npmmirror.com/@vue/compiler-core@3.3.4
      '@vue/shared': registry.npmmirror.com/@vue/shared@3.3.4
      estree-walker: registry.npmmirror.com/estree-walker@2.0.2
      magic-string: registry.npmmirror.com/magic-string@0.30.1

  registry.npmmirror.com/@vue/reactivity@3.3.4:
    resolution: {integrity: sha512-kLTDLwd0B1jG08NBF3R5rqULtv/f8x3rOFByTDz4J53ttIQEDmALqKqXY0J+XQeN0aV2FBxY8nJDf88yvOPAqQ==, registry: https://registry.npm.taobao.org/, tarball: https://registry.npmmirror.com/@vue/reactivity/-/reactivity-3.3.4.tgz}
    name: '@vue/reactivity'
    version: 3.3.4
    dependencies:
      '@vue/shared': registry.npmmirror.com/@vue/shared@3.3.4

  registry.npmmirror.com/@vue/runtime-core@3.3.4:
    resolution: {integrity: sha512-R+bqxMN6pWO7zGI4OMlmvePOdP2c93GsHFM/siJI7O2nxFRzj55pLwkpCedEY+bTMgp5miZ8CxfIZo3S+gFqvA==, registry: https://registry.npm.taobao.org/, tarball: https://registry.npmmirror.com/@vue/runtime-core/-/runtime-core-3.3.4.tgz}
    name: '@vue/runtime-core'
    version: 3.3.4
    dependencies:
      '@vue/reactivity': registry.npmmirror.com/@vue/reactivity@3.3.4
      '@vue/shared': registry.npmmirror.com/@vue/shared@3.3.4

  registry.npmmirror.com/@vue/runtime-dom@3.3.4:
    resolution: {integrity: sha512-Aj5bTJ3u5sFsUckRghsNjVTtxZQ1OyMWCr5dZRAPijF/0Vy4xEoRCwLyHXcj4D0UFbJ4lbx3gPTgg06K/GnPnQ==, registry: https://registry.npm.taobao.org/, tarball: https://registry.npmmirror.com/@vue/runtime-dom/-/runtime-dom-3.3.4.tgz}
    name: '@vue/runtime-dom'
    version: 3.3.4
    dependencies:
      '@vue/runtime-core': registry.npmmirror.com/@vue/runtime-core@3.3.4
      '@vue/shared': registry.npmmirror.com/@vue/shared@3.3.4
      csstype: registry.npmmirror.com/csstype@3.1.2

  registry.npmmirror.com/@vue/server-renderer@3.3.4(vue@3.3.4):
    resolution: {integrity: sha512-Q6jDDzR23ViIb67v+vM1Dqntu+HUexQcsWKhhQa4ARVzxOY2HbC7QRW/ggkDBd5BU+uM1sV6XOAP0b216o34JQ==, registry: https://registry.npm.taobao.org/, tarball: https://registry.npmmirror.com/@vue/server-renderer/-/server-renderer-3.3.4.tgz}
    id: registry.npmmirror.com/@vue/server-renderer/3.3.4
    name: '@vue/server-renderer'
    version: 3.3.4
    peerDependencies:
      vue: 3.3.4
    dependencies:
      '@vue/compiler-ssr': registry.npmmirror.com/@vue/compiler-ssr@3.3.4
      '@vue/shared': registry.npmmirror.com/@vue/shared@3.3.4
      vue: registry.npmmirror.com/vue@3.3.4

  registry.npmmirror.com/@vue/shared@3.3.4:
    resolution: {integrity: sha512-7OjdcV8vQ74eiz1TZLzZP4JwqM5fA94K6yntPS5Z25r9HDuGNzaGdgvwKYq6S+MxwF0TFRwe50fIR/MYnakdkQ==, registry: https://registry.npm.taobao.org/, tarball: https://registry.npmmirror.com/@vue/shared/-/shared-3.3.4.tgz}
    name: '@vue/shared'
    version: 3.3.4

  registry.npmmirror.com/@vueuse/core@9.13.0(vue@3.3.4):
    resolution: {integrity: sha512-pujnclbeHWxxPRqXWmdkKV5OX4Wk4YeK7wusHqRwU0Q7EFusHoqNA/aPhB6KCh9hEqJkLAJo7bb0Lh9b+OIVzw==, registry: https://registry.npm.taobao.org/, tarball: https://registry.npmmirror.com/@vueuse/core/-/core-9.13.0.tgz}
    id: registry.npmmirror.com/@vueuse/core/9.13.0
    name: '@vueuse/core'
    version: 9.13.0
    dependencies:
      '@types/web-bluetooth': registry.npmmirror.com/@types/web-bluetooth@0.0.16
      '@vueuse/metadata': registry.npmmirror.com/@vueuse/metadata@9.13.0
      '@vueuse/shared': registry.npmmirror.com/@vueuse/shared@9.13.0(vue@3.3.4)
      vue-demi: registry.npmmirror.com/vue-demi@0.14.5(vue@3.3.4)
    transitivePeerDependencies:
      - '@vue/composition-api'
      - vue
    dev: false

  registry.npmmirror.com/@vueuse/metadata@9.13.0:
    resolution: {integrity: sha512-gdU7TKNAUVlXXLbaF+ZCfte8BjRJQWPCa2J55+7/h+yDtzw3vOoGQDRXzI6pyKyo6bXFT5/QoPE4hAknExjRLQ==, registry: https://registry.npm.taobao.org/, tarball: https://registry.npmmirror.com/@vueuse/metadata/-/metadata-9.13.0.tgz}
    name: '@vueuse/metadata'
    version: 9.13.0
    dev: false

  registry.npmmirror.com/@vueuse/shared@9.13.0(vue@3.3.4):
    resolution: {integrity: sha512-UrnhU+Cnufu4S6JLCPZnkWh0WwZGUp72ktOF2DFptMlOs3TOdVv8xJN53zhHGARmVOsz5KqOls09+J1NR6sBKw==, registry: https://registry.npm.taobao.org/, tarball: https://registry.npmmirror.com/@vueuse/shared/-/shared-9.13.0.tgz}
    id: registry.npmmirror.com/@vueuse/shared/9.13.0
    name: '@vueuse/shared'
    version: 9.13.0
    dependencies:
      vue-demi: registry.npmmirror.com/vue-demi@0.14.5(vue@3.3.4)
    transitivePeerDependencies:
      - '@vue/composition-api'
      - vue
    dev: false

  registry.npmmirror.com/anymatch@3.1.3:
    resolution: {integrity: sha512-KMReFUr0B4t+D+OBkjR3KYqvocp2XaSzO55UcB6mgQMd3KbcE+mWTyvVV7D/zsdEbNnV6acZUutkiHQXvTr1Rw==, registry: https://registry.npm.taobao.org/, tarball: https://registry.npmmirror.com/anymatch/-/anymatch-3.1.3.tgz}
    name: anymatch
    version: 3.1.3
    engines: {node: '>= 8'}
    dependencies:
      normalize-path: registry.npmmirror.com/normalize-path@3.0.0
      picomatch: registry.npmmirror.com/picomatch@2.3.1
    dev: true

  registry.npmmirror.com/async-validator@4.2.5:
    resolution: {integrity: sha512-7HhHjtERjqlNbZtqNqy2rckN/SpOOlmDliet+lP7k+eKZEjPk3DgyeU9lIXLdeLz0uBbbVp+9Qdow9wJWgwwfg==, registry: https://registry.npm.taobao.org/, tarball: https://registry.npmmirror.com/async-validator/-/async-validator-4.2.5.tgz}
    name: async-validator
    version: 4.2.5
    dev: false

  registry.npmmirror.com/binary-extensions@2.2.0:
    resolution: {integrity: sha512-jDctJ/IVQbZoJykoeHbhXpOlNBqGNcwXJKJog42E5HDPUwQTSdjCHdihjj0DlnheQ7blbT6dHOafNAiS8ooQKA==, registry: https://registry.npm.taobao.org/, tarball: https://registry.npmmirror.com/binary-extensions/-/binary-extensions-2.2.0.tgz}
    name: binary-extensions
    version: 2.2.0
    engines: {node: '>=8'}
    dev: true

  registry.npmmirror.com/braces@3.0.2:
    resolution: {integrity: sha512-b8um+L1RzM3WDSzvhm6gIz1yfTbBt6YTlcEKAvsmqCZZFw46z626lVj9j1yEPW33H5H+lBQpZMP1k8l+78Ha0A==, registry: https://registry.npm.taobao.org/, tarball: https://registry.npmmirror.com/braces/-/braces-3.0.2.tgz}
    name: braces
    version: 3.0.2
    engines: {node: '>=8'}
    dependencies:
      fill-range: registry.npmmirror.com/fill-range@7.0.1
    dev: true

  registry.npmmirror.com/chokidar@3.5.3:
    resolution: {integrity: sha512-Dr3sfKRP6oTcjf2JmUmFJfeVMvXBdegxB0iVQ5eb2V10uFJUCAS8OByZdVAyVb8xXNz3GjjTgj9kLWsZTqE6kw==, registry: https://registry.npm.taobao.org/, tarball: https://registry.npmmirror.com/chokidar/-/chokidar-3.5.3.tgz}
    name: chokidar
    version: 3.5.3
    engines: {node: '>= 8.10.0'}
    dependencies:
      anymatch: registry.npmmirror.com/anymatch@3.1.3
      braces: registry.npmmirror.com/braces@3.0.2
      glob-parent: registry.npmmirror.com/glob-parent@5.1.2
      is-binary-path: registry.npmmirror.com/is-binary-path@2.1.0
      is-glob: registry.npmmirror.com/is-glob@4.0.3
      normalize-path: registry.npmmirror.com/normalize-path@3.0.0
      readdirp: registry.npmmirror.com/readdirp@3.6.0
    optionalDependencies:
      fsevents: registry.npmmirror.com/fsevents@2.3.2
    dev: true

  registry.npmmirror.com/csstype@3.1.2:
    resolution: {integrity: sha512-I7K1Uu0MBPzaFKg4nI5Q7Vs2t+3gWWW648spaF+Rg7pI9ds18Ugn+lvg4SHczUdKlHI5LWBXyqfS8+DufyBsgQ==, registry: https://registry.npm.taobao.org/, tarball: https://registry.npmmirror.com/csstype/-/csstype-3.1.2.tgz}
    name: csstype
    version: 3.1.2

  registry.npmmirror.com/dayjs@1.11.9:
    resolution: {integrity: sha512-QvzAURSbQ0pKdIye2txOzNaHmxtUBXerpY0FJsFXUMKbIZeFm5ht1LS/jFsrncjnmtv8HsG0W2g6c0zUjZWmpA==, registry: https://registry.npm.taobao.org/, tarball: https://registry.npmmirror.com/dayjs/-/dayjs-1.11.9.tgz}
    name: dayjs
    version: 1.11.9
    dev: false

  registry.npmmirror.com/element-plus@2.3.8(vue@3.3.4):
    resolution: {integrity: sha512-yHQR0/tG2LvPkpGUt7Te/hPmP2XW/BytBNUbx+EFO54VnGCOE3upmQcVffNp1PLgwg9sthYDXontUWpnpmLPJw==, registry: https://registry.npm.taobao.org/, tarball: https://registry.npmmirror.com/element-plus/-/element-plus-2.3.8.tgz}
    id: registry.npmmirror.com/element-plus/2.3.8
    name: element-plus
    version: 2.3.8
    peerDependencies:
      vue: ^3.2.0
    dependencies:
      '@ctrl/tinycolor': registry.npmmirror.com/@ctrl/tinycolor@3.6.0
      '@element-plus/icons-vue': registry.npmmirror.com/@element-plus/icons-vue@2.1.0(vue@3.3.4)
      '@floating-ui/dom': registry.npmmirror.com/@floating-ui/dom@1.4.5
      '@popperjs/core': registry.npmmirror.com/@sxzz/popperjs-es@2.11.7
      '@types/lodash': registry.npmmirror.com/@types/lodash@4.14.195
      '@types/lodash-es': registry.npmmirror.com/@types/lodash-es@4.17.8
      '@vueuse/core': registry.npmmirror.com/@vueuse/core@9.13.0(vue@3.3.4)
      async-validator: registry.npmmirror.com/async-validator@4.2.5
      dayjs: registry.npmmirror.com/dayjs@1.11.9
      escape-html: registry.npmmirror.com/escape-html@1.0.3
      lodash: registry.npmmirror.com/lodash@4.17.21
      lodash-es: registry.npmmirror.com/lodash-es@4.17.21
      lodash-unified: registry.npmmirror.com/lodash-unified@1.0.3(@types/lodash-es@4.17.8)(lodash-es@4.17.21)(lodash@4.17.21)
      memoize-one: registry.npmmirror.com/memoize-one@6.0.0
      normalize-wheel-es: registry.npmmirror.com/normalize-wheel-es@1.2.0
      vue: registry.npmmirror.com/vue@3.3.4
    transitivePeerDependencies:
      - '@vue/composition-api'
    dev: false

  registry.npmmirror.com/esbuild@0.18.13:
    resolution: {integrity: sha512-vhg/WR/Oiu4oUIkVhmfcc23G6/zWuEQKFS+yiosSHe4aN6+DQRXIfeloYGibIfVhkr4wyfuVsGNLr+sQU1rWWw==, registry: https://registry.npm.taobao.org/, tarball: https://registry.npmmirror.com/esbuild/-/esbuild-0.18.13.tgz}
    name: esbuild
    version: 0.18.13
    engines: {node: '>=12'}
    hasBin: true
    requiresBuild: true
    optionalDependencies:
      '@esbuild/android-arm': registry.npmmirror.com/@esbuild/android-arm@0.18.13
      '@esbuild/android-arm64': registry.npmmirror.com/@esbuild/android-arm64@0.18.13
      '@esbuild/android-x64': registry.npmmirror.com/@esbuild/android-x64@0.18.13
      '@esbuild/darwin-arm64': registry.npmmirror.com/@esbuild/darwin-arm64@0.18.13
      '@esbuild/darwin-x64': registry.npmmirror.com/@esbuild/darwin-x64@0.18.13
      '@esbuild/freebsd-arm64': registry.npmmirror.com/@esbuild/freebsd-arm64@0.18.13
      '@esbuild/freebsd-x64': registry.npmmirror.com/@esbuild/freebsd-x64@0.18.13
      '@esbuild/linux-arm': registry.npmmirror.com/@esbuild/linux-arm@0.18.13
      '@esbuild/linux-arm64': registry.npmmirror.com/@esbuild/linux-arm64@0.18.13
      '@esbuild/linux-ia32': registry.npmmirror.com/@esbuild/linux-ia32@0.18.13
      '@esbuild/linux-loong64': registry.npmmirror.com/@esbuild/linux-loong64@0.18.13
      '@esbuild/linux-mips64el': registry.npmmirror.com/@esbuild/linux-mips64el@0.18.13
      '@esbuild/linux-ppc64': registry.npmmirror.com/@esbuild/linux-ppc64@0.18.13
      '@esbuild/linux-riscv64': registry.npmmirror.com/@esbuild/linux-riscv64@0.18.13
      '@esbuild/linux-s390x': registry.npmmirror.com/@esbuild/linux-s390x@0.18.13
      '@esbuild/linux-x64': registry.npmmirror.com/@esbuild/linux-x64@0.18.13
      '@esbuild/netbsd-x64': registry.npmmirror.com/@esbuild/netbsd-x64@0.18.13
      '@esbuild/openbsd-x64': registry.npmmirror.com/@esbuild/openbsd-x64@0.18.13
      '@esbuild/sunos-x64': registry.npmmirror.com/@esbuild/sunos-x64@0.18.13
      '@esbuild/win32-arm64': registry.npmmirror.com/@esbuild/win32-arm64@0.18.13
      '@esbuild/win32-ia32': registry.npmmirror.com/@esbuild/win32-ia32@0.18.13
      '@esbuild/win32-x64': registry.npmmirror.com/@esbuild/win32-x64@0.18.13
    dev: true

  registry.npmmirror.com/escape-html@1.0.3:
    resolution: {integrity: sha512-NiSupZ4OeuGwr68lGIeym/ksIZMJodUGOSCZ/FSnTxcrekbvqrgdUxlJOMpijaKZVjAJrWrGs/6Jy8OMuyj9ow==, registry: https://registry.npm.taobao.org/, tarball: https://registry.npmmirror.com/escape-html/-/escape-html-1.0.3.tgz}
    name: escape-html
    version: 1.0.3
    dev: false

  registry.npmmirror.com/estree-walker@2.0.2:
    resolution: {integrity: sha512-Rfkk/Mp/DL7JVje3u18FxFujQlTNR2q6QfMSMB7AvCBx91NGj/ba3kCfza0f6dVDbw7YlRf/nDrn7pQrCCyQ/w==, registry: https://registry.npm.taobao.org/, tarball: https://registry.npmmirror.com/estree-walker/-/estree-walker-2.0.2.tgz}
    name: estree-walker
    version: 2.0.2

  registry.npmmirror.com/fill-range@7.0.1:
    resolution: {integrity: sha512-qOo9F+dMUmC2Lcb4BbVvnKJxTPjCm+RRpe4gDuGrzkL7mEVl/djYSu2OdQ2Pa302N4oqkSg9ir6jaLWJ2USVpQ==, registry: https://registry.npm.taobao.org/, tarball: https://registry.npmmirror.com/fill-range/-/fill-range-7.0.1.tgz}
    name: fill-range
    version: 7.0.1
    engines: {node: '>=8'}
    dependencies:
      to-regex-range: registry.npmmirror.com/to-regex-range@5.0.1
    dev: true

  registry.npmmirror.com/fsevents@2.3.2:
    resolution: {integrity: sha512-xiqMQR4xAeHTuB9uWm+fFRcIOgKBMiOBP+eXiyT7jsgVCq1bkVygt00oASowB7EdtpOHaaPgKt812P9ab+DDKA==, registry: https://registry.npm.taobao.org/, tarball: https://registry.npmmirror.com/fsevents/-/fsevents-2.3.2.tgz}
    name: fsevents
    version: 2.3.2
    engines: {node: ^8.16.0 || ^10.6.0 || >=11.0.0}
    os: [darwin]
    requiresBuild: true
    dev: true
    optional: true

  registry.npmmirror.com/glob-parent@5.1.2:
    resolution: {integrity: sha512-AOIgSQCepiJYwP3ARnGx+5VnTu2HBYdzbGP45eLw1vr3zB3vZLeyed1sC9hnbcOc9/SrMyM5RPQrkGz4aS9Zow==, registry: https://registry.npm.taobao.org/, tarball: https://registry.npmmirror.com/glob-parent/-/glob-parent-5.1.2.tgz}
    name: glob-parent
    version: 5.1.2
    engines: {node: '>= 6'}
    dependencies:
      is-glob: registry.npmmirror.com/is-glob@4.0.3
    dev: true

  registry.npmmirror.com/immutable@4.3.1:
    resolution: {integrity: sha512-lj9cnmB/kVS0QHsJnYKD1uo3o39nrbKxszjnqS9Fr6NB7bZzW45U6WSGBPKXDL/CvDKqDNPA4r3DoDQ8GTxo2A==, registry: https://registry.npm.taobao.org/, tarball: https://registry.npmmirror.com/immutable/-/immutable-4.3.1.tgz}
    name: immutable
    version: 4.3.1
    dev: true

  registry.npmmirror.com/is-binary-path@2.1.0:
    resolution: {integrity: sha512-ZMERYes6pDydyuGidse7OsHxtbI7WVeUEozgR/g7rd0xUimYNlvZRE/K2MgZTjWy725IfelLeVcEM97mmtRGXw==, registry: https://registry.npm.taobao.org/, tarball: https://registry.npmmirror.com/is-binary-path/-/is-binary-path-2.1.0.tgz}
    name: is-binary-path
    version: 2.1.0
    engines: {node: '>=8'}
    dependencies:
      binary-extensions: registry.npmmirror.com/binary-extensions@2.2.0
    dev: true

  registry.npmmirror.com/is-extglob@2.1.1:
    resolution: {integrity: sha512-SbKbANkN603Vi4jEZv49LeVJMn4yGwsbzZworEoyEiutsN3nJYdbO36zfhGJ6QEDpOZIFkDtnq5JRxmvl3jsoQ==, registry: https://registry.npm.taobao.org/, tarball: https://registry.npmmirror.com/is-extglob/-/is-extglob-2.1.1.tgz}
    name: is-extglob
    version: 2.1.1
    engines: {node: '>=0.10.0'}
    dev: true

  registry.npmmirror.com/is-glob@4.0.3:
    resolution: {integrity: sha512-xelSayHH36ZgE7ZWhli7pW34hNbNl8Ojv5KVmkJD4hBdD3th8Tfk9vYasLM+mXWOZhFkgZfxhLSnrwRr4elSSg==, registry: https://registry.npm.taobao.org/, tarball: https://registry.npmmirror.com/is-glob/-/is-glob-4.0.3.tgz}
    name: is-glob
    version: 4.0.3
    engines: {node: '>=0.10.0'}
    dependencies:
      is-extglob: registry.npmmirror.com/is-extglob@2.1.1
    dev: true

  registry.npmmirror.com/is-number@7.0.0:
    resolution: {integrity: sha512-41Cifkg6e8TylSpdtTpeLVMqvSBEVzTttHvERD741+pnZ8ANv0004MRL43QKPDlK9cGvNp6NZWZUBlbGXYxxng==, registry: https://registry.npm.taobao.org/, tarball: https://registry.npmmirror.com/is-number/-/is-number-7.0.0.tgz}
    name: is-number
    version: 7.0.0
    engines: {node: '>=0.12.0'}
    dev: true

  registry.npmmirror.com/lodash-es@4.17.21:
    resolution: {integrity: sha512-mKnC+QJ9pWVzv+C4/U3rRsHapFfHvQFoFB92e52xeyGMcX6/OlIl78je1u8vePzYZSkkogMPJ2yjxxsb89cxyw==, registry: https://registry.npm.taobao.org/, tarball: https://registry.npmmirror.com/lodash-es/-/lodash-es-4.17.21.tgz}
    name: lodash-es
    version: 4.17.21
    dev: false

  registry.npmmirror.com/lodash-unified@1.0.3(@types/lodash-es@4.17.8)(lodash-es@4.17.21)(lodash@4.17.21):
    resolution: {integrity: sha512-WK9qSozxXOD7ZJQlpSqOT+om2ZfcT4yO+03FuzAHD0wF6S0l0090LRPDx3vhTTLZ8cFKpBn+IOcVXK6qOcIlfQ==, registry: https://registry.npm.taobao.org/, tarball: https://registry.npmmirror.com/lodash-unified/-/lodash-unified-1.0.3.tgz}
    id: registry.npmmirror.com/lodash-unified/1.0.3
    name: lodash-unified
    version: 1.0.3
    peerDependencies:
      '@types/lodash-es': '*'
      lodash: '*'
      lodash-es: '*'
    dependencies:
      '@types/lodash-es': registry.npmmirror.com/@types/lodash-es@4.17.8
      lodash: registry.npmmirror.com/lodash@4.17.21
      lodash-es: registry.npmmirror.com/lodash-es@4.17.21
    dev: false

  registry.npmmirror.com/lodash@4.17.21:
    resolution: {integrity: sha512-v2kDEe57lecTulaDIuNTPy3Ry4gLGJ6Z1O3vE1krgXZNrsQ+LFTGHVxVjcXPs17LhbZVGedAJv8XZ1tvj5FvSg==, registry: https://registry.npm.taobao.org/, tarball: https://registry.npmmirror.com/lodash/-/lodash-4.17.21.tgz}
    name: lodash
    version: 4.17.21
    dev: false

  registry.npmmirror.com/magic-string@0.30.1:
    resolution: {integrity: sha512-mbVKXPmS0z0G4XqFDCTllmDQ6coZzn94aMlb0o/A4HEHJCKcanlDZwYJgwnkmgD3jyWhUgj9VsPrfd972yPffA==, registry: https://registry.npm.taobao.org/, tarball: https://registry.npmmirror.com/magic-string/-/magic-string-0.30.1.tgz}
    name: magic-string
    version: 0.30.1
    engines: {node: '>=12'}
    dependencies:
      '@jridgewell/sourcemap-codec': registry.npmmirror.com/@jridgewell/sourcemap-codec@1.4.15

  registry.npmmirror.com/memoize-one@6.0.0:
    resolution: {integrity: sha512-rkpe71W0N0c0Xz6QD0eJETuWAJGnJ9afsl1srmwPrI+yBCkge5EycXXbYRyvL29zZVUWQCY7InPRCv3GDXuZNw==, registry: https://registry.npm.taobao.org/, tarball: https://registry.npmmirror.com/memoize-one/-/memoize-one-6.0.0.tgz}
    name: memoize-one
    version: 6.0.0
    dev: false

  registry.npmmirror.com/nanoid@3.3.6:
    resolution: {integrity: sha512-BGcqMMJuToF7i1rt+2PWSNVnWIkGCU78jBG3RxO/bZlnZPK2Cmi2QaffxGO/2RvWi9sL+FAiRiXMgsyxQ1DIDA==, registry: https://registry.npm.taobao.org/, tarball: https://registry.npmmirror.com/nanoid/-/nanoid-3.3.6.tgz}
    name: nanoid
    version: 3.3.6
    engines: {node: ^10 || ^12 || ^13.7 || ^14 || >=15.0.1}
    hasBin: true

  registry.npmmirror.com/normalize-path@3.0.0:
    resolution: {integrity: sha512-6eZs5Ls3WtCisHWp9S2GUy8dqkpGi4BVSz3GaqiE6ezub0512ESztXUwUB6C6IKbQkY2Pnb/mD4WYojCRwcwLA==, registry: https://registry.npm.taobao.org/, tarball: https://registry.npmmirror.com/normalize-path/-/normalize-path-3.0.0.tgz}
    name: normalize-path
    version: 3.0.0
    engines: {node: '>=0.10.0'}
    dev: true

  registry.npmmirror.com/normalize-wheel-es@1.2.0:
    resolution: {integrity: sha512-Wj7+EJQ8mSuXr2iWfnujrimU35R2W4FAErEyTmJoJ7ucwTn2hOUSsRehMb5RSYkxXGTM7Y9QpvPmp++w5ftoJw==, registry: https://registry.npm.taobao.org/, tarball: https://registry.npmmirror.com/normalize-wheel-es/-/normalize-wheel-es-1.2.0.tgz}
    name: normalize-wheel-es
    version: 1.2.0
    dev: false

  registry.npmmirror.com/picocolors@1.0.0:
    resolution: {integrity: sha512-1fygroTLlHu66zi26VoTDv8yRgm0Fccecssto+MhsZ0D/DGW2sm8E8AjW7NU5VVTRt5GxbeZ5qBuJr+HyLYkjQ==, registry: https://registry.npm.taobao.org/, tarball: https://registry.npmmirror.com/picocolors/-/picocolors-1.0.0.tgz}
    name: picocolors
    version: 1.0.0

  registry.npmmirror.com/picomatch@2.3.1:
    resolution: {integrity: sha512-JU3teHTNjmE2VCGFzuY8EXzCDVwEqB2a8fsIvwaStHhAWJEeVd1o1QD80CU6+ZdEXXSLbSsuLwJjkCBWqRQUVA==, registry: https://registry.npm.taobao.org/, tarball: https://registry.npmmirror.com/picomatch/-/picomatch-2.3.1.tgz}
    name: picomatch
    version: 2.3.1
    engines: {node: '>=8.6'}
    dev: true

  registry.npmmirror.com/pinia@2.1.4(vue@3.3.4):
    resolution: {integrity: sha512-vYlnDu+Y/FXxv1ABo1vhjC+IbqvzUdiUC3sfDRrRyY2CQSrqqaa+iiHmqtARFxJVqWQMCJfXx1PBvFs9aJVLXQ==, registry: https://registry.npm.taobao.org/, tarball: https://registry.npmmirror.com/pinia/-/pinia-2.1.4.tgz}
    id: registry.npmmirror.com/pinia/2.1.4
    name: pinia
    version: 2.1.4
    peerDependencies:
      '@vue/composition-api': ^1.4.0
      typescript: '>=4.4.4'
      vue: ^2.6.14 || ^3.3.0
    peerDependenciesMeta:
      '@vue/composition-api':
        optional: true
      typescript:
        optional: true
    dependencies:
      '@vue/devtools-api': registry.npmmirror.com/@vue/devtools-api@6.5.0
      vue: registry.npmmirror.com/vue@3.3.4
      vue-demi: registry.npmmirror.com/vue-demi@0.14.5(vue@3.3.4)
    dev: false

  registry.npmmirror.com/postcss@8.4.26:
    resolution: {integrity: sha512-jrXHFF8iTloAenySjM/ob3gSj7pCu0Ji49hnjqzsgSRa50hkWCKD0HQ+gMNJkW38jBI68MpAAg7ZWwHwX8NMMw==, registry: https://registry.npm.taobao.org/, tarball: https://registry.npmmirror.com/postcss/-/postcss-8.4.26.tgz}
    name: postcss
    version: 8.4.26
    engines: {node: ^10 || ^12 || >=14}
    dependencies:
      nanoid: registry.npmmirror.com/nanoid@3.3.6
      picocolors: registry.npmmirror.com/picocolors@1.0.0
      source-map-js: registry.npmmirror.com/source-map-js@1.0.2

  registry.npmmirror.com/readdirp@3.6.0:
    resolution: {integrity: sha512-hOS089on8RduqdbhvQ5Z37A0ESjsqz6qnRcffsMU3495FuTdqSm+7bhJ29JvIOsBDEEnan5DPu9t3To9VRlMzA==, registry: https://registry.npm.taobao.org/, tarball: https://registry.npmmirror.com/readdirp/-/readdirp-3.6.0.tgz}
    name: readdirp
    version: 3.6.0
    engines: {node: '>=8.10.0'}
    dependencies:
      picomatch: registry.npmmirror.com/picomatch@2.3.1
    dev: true

  registry.npmmirror.com/rollup@3.26.3:
    resolution: {integrity: sha512-7Tin0C8l86TkpcMtXvQu6saWH93nhG3dGQ1/+l5V2TDMceTxO7kDiK6GzbfLWNNxqJXm591PcEZUozZm51ogwQ==, registry: https://registry.npm.taobao.org/, tarball: https://registry.npmmirror.com/rollup/-/rollup-3.26.3.tgz}
    name: rollup
    version: 3.26.3
    engines: {node: '>=14.18.0', npm: '>=8.0.0'}
    hasBin: true
    optionalDependencies:
      fsevents: registry.npmmirror.com/fsevents@2.3.2
    dev: true

  registry.npmmirror.com/sass@1.63.6:
    resolution: {integrity: sha512-MJuxGMHzaOW7ipp+1KdELtqKbfAWbH7OLIdoSMnVe3EXPMTmxTmlaZDCTsgIpPCs3w99lLo9/zDKkOrJuT5byw==, registry: https://registry.npm.taobao.org/, tarball: https://registry.npmmirror.com/sass/-/sass-1.63.6.tgz}
    name: sass
    version: 1.63.6
    engines: {node: '>=14.0.0'}
    hasBin: true
    dependencies:
      chokidar: registry.npmmirror.com/chokidar@3.5.3
      immutable: registry.npmmirror.com/immutable@4.3.1
      source-map-js: registry.npmmirror.com/source-map-js@1.0.2
    dev: true

  registry.npmmirror.com/source-map-js@1.0.2:
    resolution: {integrity: sha512-R0XvVJ9WusLiqTCEiGCmICCMplcCkIwwR11mOSD9CR5u+IXYdiseeEuXCVAjS54zqwkLcPNnmU4OeJ6tUrWhDw==, registry: https://registry.npm.taobao.org/, tarball: https://registry.npmmirror.com/source-map-js/-/source-map-js-1.0.2.tgz}
    name: source-map-js
    version: 1.0.2
    engines: {node: '>=0.10.0'}

  registry.npmmirror.com/to-fast-properties@2.0.0:
    resolution: {integrity: sha512-/OaKK0xYrs3DmxRYqL/yDc+FxFUVYhDlXMhRmv3z915w2HF1tnN1omB354j8VUGO/hbRzyD6Y3sA7v7GS/ceog==, registry: https://registry.npm.taobao.org/, tarball: https://registry.npmmirror.com/to-fast-properties/-/to-fast-properties-2.0.0.tgz}
    name: to-fast-properties
    version: 2.0.0
    engines: {node: '>=4'}

  registry.npmmirror.com/to-regex-range@5.0.1:
    resolution: {integrity: sha512-65P7iz6X5yEr1cwcgvQxbbIw7Uk3gOy5dIdtZ4rDveLqhrdJP+Li/Hx6tyK0NEb+2GCyneCMJiGqrADCSNk8sQ==, registry: https://registry.npm.taobao.org/, tarball: https://registry.npmmirror.com/to-regex-range/-/to-regex-range-5.0.1.tgz}
    name: to-regex-range
    version: 5.0.1
    engines: {node: '>=8.0'}
    dependencies:
      is-number: registry.npmmirror.com/is-number@7.0.0
    dev: true

  registry.npmmirror.com/vite@4.4.4(sass@1.63.6):
    resolution: {integrity: sha512-4mvsTxjkveWrKDJI70QmelfVqTm+ihFAb6+xf4sjEU2TmUCTlVX87tmg/QooPEMQb/lM9qGHT99ebqPziEd3wg==, registry: https://registry.npm.taobao.org/, tarball: https://registry.npmmirror.com/vite/-/vite-4.4.4.tgz}
    id: registry.npmmirror.com/vite/4.4.4
    name: vite
    version: 4.4.4
    engines: {node: ^14.18.0 || >=16.0.0}
    hasBin: true
    peerDependencies:
      '@types/node': '>= 14'
      less: '*'
      lightningcss: ^1.21.0
      sass: '*'
      stylus: '*'
      sugarss: '*'
      terser: ^5.4.0
    peerDependenciesMeta:
      '@types/node':
        optional: true
      less:
        optional: true
      lightningcss:
        optional: true
      sass:
        optional: true
      stylus:
        optional: true
      sugarss:
        optional: true
      terser:
        optional: true
    dependencies:
      esbuild: registry.npmmirror.com/esbuild@0.18.13
      postcss: registry.npmmirror.com/postcss@8.4.26
      rollup: registry.npmmirror.com/rollup@3.26.3
      sass: registry.npmmirror.com/sass@1.63.6
    optionalDependencies:
      fsevents: registry.npmmirror.com/fsevents@2.3.2
    dev: true

  registry.npmmirror.com/vue-demi@0.14.5(vue@3.3.4):
    resolution: {integrity: sha512-o9NUVpl/YlsGJ7t+xuqJKx8EBGf1quRhCiT6D/J0pfwmk9zUwYkC7yrF4SZCe6fETvSM3UNL2edcbYrSyc4QHA==, registry: https://registry.npm.taobao.org/, tarball: https://registry.npmmirror.com/vue-demi/-/vue-demi-0.14.5.tgz}
    id: registry.npmmirror.com/vue-demi/0.14.5
    name: vue-demi
    version: 0.14.5
    engines: {node: '>=12'}
    hasBin: true
    requiresBuild: true
    peerDependencies:
      '@vue/composition-api': ^1.0.0-rc.1
      vue: ^3.0.0-0 || ^2.6.0
    peerDependenciesMeta:
      '@vue/composition-api':
        optional: true
    dependencies:
      vue: registry.npmmirror.com/vue@3.3.4
    dev: false

  registry.npmmirror.com/vue-router@4.2.4(vue@3.3.4):
    resolution: {integrity: sha512-9PISkmaCO02OzPVOMq2w82ilty6+xJmQrarYZDkjZBfl4RvYAlt4PKnEX21oW4KTtWfa9OuO/b3qk1Od3AEdCQ==, registry: https://registry.npm.taobao.org/, tarball: https://registry.npmmirror.com/vue-router/-/vue-router-4.2.4.tgz}
    id: registry.npmmirror.com/vue-router/4.2.4
    name: vue-router
    version: 4.2.4
    peerDependencies:
      vue: ^3.2.0
    dependencies:
      '@vue/devtools-api': registry.npmmirror.com/@vue/devtools-api@6.5.0
      vue: registry.npmmirror.com/vue@3.3.4
    dev: false

  registry.npmmirror.com/vue@3.3.4:
    resolution: {integrity: sha512-VTyEYn3yvIeY1Py0WaYGZsXnz3y5UnGi62GjVEqvEGPl6nxbOrCXbVOTQWBEJUqAyTUk2uJ5JLVnYJ6ZzGbrSw==, registry: https://registry.npm.taobao.org/, tarball: https://registry.npmmirror.com/vue/-/vue-3.3.4.tgz}
    name: vue
    version: 3.3.4
    dependencies:
      '@vue/compiler-dom': registry.npmmirror.com/@vue/compiler-dom@3.3.4
      '@vue/compiler-sfc': registry.npmmirror.com/@vue/compiler-sfc@3.3.4
      '@vue/runtime-dom': registry.npmmirror.com/@vue/runtime-dom@3.3.4
      '@vue/server-renderer': registry.npmmirror.com/@vue/server-renderer@3.3.4(vue@3.3.4)
      '@vue/shared': registry.npmmirror.com/@vue/shared@3.3.4
